
Microsoft Visual Studio Solution File, Format Version 12.00
# Visual Studio Version 17
VisualStudioVersion = 17.14.36518.9 d17.14
MinimumVisualStudioVersion = 10.0.40219.1
Project("{FAE04EC0-301F-11D3-BF4B-00C04F79EFBC}") = "MassivesoftWeapons", "MassivesoftWeapons.csproj", "{A1ADDD68-E54C-43C7-8429-E612AAAEE188}"
EndProject
Global
	GlobalSection(SolutionConfigurationPlatforms) = preSolution
		Debug|Any CPU = Debug|Any CPU
		Release|Any CPU = Release|Any CPU
	EndGlobalSection
	GlobalSection(ProjectConfigurationPlatforms) = postSolution
		{A1ADDD68-E54C-43C7-8429-E612AAAEE188}.Debug|Any CPU.ActiveCfg = Debug|Any CPU
		{A1ADDD68-E54C-43C7-8429-E612AAAEE188}.Debug|Any CPU.Build.0 = Debug|Any CPU
		{A1ADDD68-E54C-43C7-8429-E612AAAEE188}.Release|Any CPU.ActiveCfg = Release|Any CPU
		{A1ADDD68-E54C-43C7-8429-E612AAAEE188}.Release|Any CPU.Build.0 = Release|Any CPU
	EndGlobalSection
	GlobalSection(SolutionProperties) = preSolution
		HideSolutionNode = FALSE
	EndGlobalSection
	GlobalSection(ExtensibilityGlobals) = postSolution
		SolutionGuid = {3AB03A98-7A47-4B16-A6AA-F9F54A80DC61}
	EndGlobalSection
EndGlobal
